<?xml version="1.0" encoding="UTF-8"?>
<CodeBlocks_project_file>
	<FileVersion major="1" minor="6"/>
	<Project>
		<Option title="lab8"/>
		<Option makefile_is_custom="1"/>
		<Option compiler="gcc"/>
		<Option virtualFolders="CMake Files\;CMake Files\..\;CMake Files\..\..\;CMake Files\..\..\..\;CMake Files\..\..\..\..\;CMake Files\..\..\..\..\..\;CMake Files\..\..\..\..\..\..\;CMake Files\..\..\..\..\..\..\..\;CMake Files\..\..\..\..\..\..\..\usr\;CMake Files\..\..\..\..\..\..\..\usr\lib\;CMake Files\..\..\..\..\..\..\..\usr\lib\cmake\;CMake Files\..\..\..\..\..\..\..\usr\lib\cmake\glm\;"/>
		<Build>
			<Target title="all">
				<Option working_dir="/home/cosc/student/sgb79/Desktop/SENG363 Assignment/363-ray-tracer"/>
				<Option type="4"/>
				<MakeCommands>
					<Build command="/usr/bin/make -j12 -f &quot;/home/cosc/student/sgb79/Desktop/SENG363\ Assignment/363-ray-tracer/Makefile&quot;  VERBOSE=1 all"/>
					<CompileFile command="/usr/bin/make -j12 -f &quot;/home/cosc/student/sgb79/Desktop/SENG363\ Assignment/363-ray-tracer/Makefile&quot;  VERBOSE=1 &quot;$file&quot;"/>
					<Clean command="/usr/bin/make -j12 -f &quot;/home/cosc/student/sgb79/Desktop/SENG363\ Assignment/363-ray-tracer/Makefile&quot;  VERBOSE=1 clean"/>
					<DistClean command="/usr/bin/make -j12 -f &quot;/home/cosc/student/sgb79/Desktop/SENG363\ Assignment/363-ray-tracer/Makefile&quot;  VERBOSE=1 clean"/>
				</MakeCommands>
			</Target>
			<Target title="rebuild_cache">
				<Option working_dir="/home/cosc/student/sgb79/Desktop/SENG363 Assignment/363-ray-tracer"/>
				<Option type="4"/>
				<MakeCommands>
					<Build command="/usr/bin/make -j12 -f &quot;/home/cosc/student/sgb79/Desktop/SENG363\ Assignment/363-ray-tracer/Makefile&quot;  VERBOSE=1 rebuild_cache"/>
					<CompileFile command="/usr/bin/make -j12 -f &quot;/home/cosc/student/sgb79/Desktop/SENG363\ Assignment/363-ray-tracer/Makefile&quot;  VERBOSE=1 &quot;$file&quot;"/>
					<Clean command="/usr/bin/make -j12 -f &quot;/home/cosc/student/sgb79/Desktop/SENG363\ Assignment/363-ray-tracer/Makefile&quot;  VERBOSE=1 clean"/>
					<DistClean command="/usr/bin/make -j12 -f &quot;/home/cosc/student/sgb79/Desktop/SENG363\ Assignment/363-ray-tracer/Makefile&quot;  VERBOSE=1 clean"/>
				</MakeCommands>
			</Target>
			<Target title="edit_cache">
				<Option working_dir="/home/cosc/student/sgb79/Desktop/SENG363 Assignment/363-ray-tracer"/>
				<Option type="4"/>
				<MakeCommands>
					<Build command="/usr/bin/make -j12 -f &quot;/home/cosc/student/sgb79/Desktop/SENG363\ Assignment/363-ray-tracer/Makefile&quot;  VERBOSE=1 edit_cache"/>
					<CompileFile command="/usr/bin/make -j12 -f &quot;/home/cosc/student/sgb79/Desktop/SENG363\ Assignment/363-ray-tracer/Makefile&quot;  VERBOSE=1 &quot;$file&quot;"/>
					<Clean command="/usr/bin/make -j12 -f &quot;/home/cosc/student/sgb79/Desktop/SENG363\ Assignment/363-ray-tracer/Makefile&quot;  VERBOSE=1 clean"/>
					<DistClean command="/usr/bin/make -j12 -f &quot;/home/cosc/student/sgb79/Desktop/SENG363\ Assignment/363-ray-tracer/Makefile&quot;  VERBOSE=1 clean"/>
				</MakeCommands>
			</Target>
			<Target title="RayTracer.out">
				<Option output="/home/cosc/student/sgb79/Desktop/SENG363 Assignment/363-ray-tracer/RayTracer.out" prefix_auto="0" extension_auto="0"/>
				<Option working_dir="/home/cosc/student/sgb79/Desktop/SENG363 Assignment/363-ray-tracer"/>
				<Option object_output="./"/>
				<Option type="1"/>
				<Option compiler="gcc"/>
				<Compiler>
					<Add directory="/usr/include/c++/9"/>
					<Add directory="/usr/include/x86_64-linux-gnu/c++/9"/>
					<Add directory="/usr/include/c++/9/backward"/>
					<Add directory="/usr/lib/gcc/x86_64-linux-gnu/9/include"/>
					<Add directory="/usr/local/include"/>
					<Add directory="/usr/include/x86_64-linux-gnu"/>
					<Add directory="/usr/include"/>
				</Compiler>
				<MakeCommands>
					<Build command="/usr/bin/make -j12 -f &quot;/home/cosc/student/sgb79/Desktop/SENG363\ Assignment/363-ray-tracer/Makefile&quot;  VERBOSE=1 RayTracer.out"/>
					<CompileFile command="/usr/bin/make -j12 -f &quot;/home/cosc/student/sgb79/Desktop/SENG363\ Assignment/363-ray-tracer/Makefile&quot;  VERBOSE=1 &quot;$file&quot;"/>
					<Clean command="/usr/bin/make -j12 -f &quot;/home/cosc/student/sgb79/Desktop/SENG363\ Assignment/363-ray-tracer/Makefile&quot;  VERBOSE=1 clean"/>
					<DistClean command="/usr/bin/make -j12 -f &quot;/home/cosc/student/sgb79/Desktop/SENG363\ Assignment/363-ray-tracer/Makefile&quot;  VERBOSE=1 clean"/>
				</MakeCommands>
			</Target>
			<Target title="RayTracer.out/fast">
				<Option output="/home/cosc/student/sgb79/Desktop/SENG363 Assignment/363-ray-tracer/RayTracer.out" prefix_auto="0" extension_auto="0"/>
				<Option working_dir="/home/cosc/student/sgb79/Desktop/SENG363 Assignment/363-ray-tracer"/>
				<Option object_output="./"/>
				<Option type="1"/>
				<Option compiler="gcc"/>
				<Compiler>
					<Add directory="/usr/include/c++/9"/>
					<Add directory="/usr/include/x86_64-linux-gnu/c++/9"/>
					<Add directory="/usr/include/c++/9/backward"/>
					<Add directory="/usr/lib/gcc/x86_64-linux-gnu/9/include"/>
					<Add directory="/usr/local/include"/>
					<Add directory="/usr/include/x86_64-linux-gnu"/>
					<Add directory="/usr/include"/>
				</Compiler>
				<MakeCommands>
					<Build command="/usr/bin/make -j12 -f &quot;/home/cosc/student/sgb79/Desktop/SENG363\ Assignment/363-ray-tracer/Makefile&quot;  VERBOSE=1 RayTracer.out/fast"/>
					<CompileFile command="/usr/bin/make -j12 -f &quot;/home/cosc/student/sgb79/Desktop/SENG363\ Assignment/363-ray-tracer/Makefile&quot;  VERBOSE=1 &quot;$file&quot;"/>
					<Clean command="/usr/bin/make -j12 -f &quot;/home/cosc/student/sgb79/Desktop/SENG363\ Assignment/363-ray-tracer/Makefile&quot;  VERBOSE=1 clean"/>
					<DistClean command="/usr/bin/make -j12 -f &quot;/home/cosc/student/sgb79/Desktop/SENG363\ Assignment/363-ray-tracer/Makefile&quot;  VERBOSE=1 clean"/>
				</MakeCommands>
			</Target>
		</Build>
		<Unit filename="/home/cosc/student/sgb79/Desktop/SENG363 Assignment/363-ray-tracer/Plane.cpp">
			<Option target="RayTracer.out"/>
		</Unit>
		<Unit filename="/home/cosc/student/sgb79/Desktop/SENG363 Assignment/363-ray-tracer/Plane.h">
			<Option target="RayTracer.out"/>
		</Unit>
		<Unit filename="/home/cosc/student/sgb79/Desktop/SENG363 Assignment/363-ray-tracer/Ray.cpp">
			<Option target="RayTracer.out"/>
		</Unit>
		<Unit filename="/home/cosc/student/sgb79/Desktop/SENG363 Assignment/363-ray-tracer/Ray.h">
			<Option target="RayTracer.out"/>
		</Unit>
		<Unit filename="/home/cosc/student/sgb79/Desktop/SENG363 Assignment/363-ray-tracer/RayTracer.cpp">
			<Option target="RayTracer.out"/>
		</Unit>
		<Unit filename="/home/cosc/student/sgb79/Desktop/SENG363 Assignment/363-ray-tracer/SceneObject.cpp">
			<Option target="RayTracer.out"/>
		</Unit>
		<Unit filename="/home/cosc/student/sgb79/Desktop/SENG363 Assignment/363-ray-tracer/SceneObject.h">
			<Option target="RayTracer.out"/>
		</Unit>
		<Unit filename="/home/cosc/student/sgb79/Desktop/SENG363 Assignment/363-ray-tracer/Sphere.cpp">
			<Option target="RayTracer.out"/>
		</Unit>
		<Unit filename="/home/cosc/student/sgb79/Desktop/SENG363 Assignment/363-ray-tracer/Sphere.h">
			<Option target="RayTracer.out"/>
		</Unit>
		<Unit filename="/home/cosc/student/sgb79/Desktop/SENG363 Assignment/363-ray-tracer/TextureBMP.cpp">
			<Option target="RayTracer.out"/>
		</Unit>
		<Unit filename="/home/cosc/student/sgb79/Desktop/SENG363 Assignment/363-ray-tracer/TextureBMP.h">
			<Option target="RayTracer.out"/>
		</Unit>
		<Unit filename="/home/cosc/student/sgb79/Desktop/SENG363 Assignment/363-ray-tracer/CMakeLists.txt">
			<Option virtualFolder="CMake Files\"/>
		</Unit>
		<Unit filename="/home/cosc/student/sgb79/Desktop/SENG363 Assignment/363-ray-tracer/../../../../../../../usr/lib/cmake/glm/glmConfig-version.cmake">
			<Option virtualFolder="CMake Files\..\..\..\..\..\..\..\usr\lib\cmake\glm\"/>
		</Unit>
		<Unit filename="/home/cosc/student/sgb79/Desktop/SENG363 Assignment/363-ray-tracer/../../../../../../../usr/lib/cmake/glm/glmConfig.cmake">
			<Option virtualFolder="CMake Files\..\..\..\..\..\..\..\usr\lib\cmake\glm\"/>
		</Unit>
	</Project>
</CodeBlocks_project_file>
